
Microsoft Visual Studio Solution File, Format Version 12.00
# Visual Studio Version 17
VisualStudioVersion = 17.1.32210.238
MinimumVisualStudioVersion = 10.0.40219.1
Project("{9A19103F-16F7-4668-BE54-9A1E7A4F7556}") = "Web", "Web\Web.csproj", "{7B521879-EB65-4E1B-97F4-7FDFEFE11408}"
EndProject
Project("{9A19103F-16F7-4668-BE54-9A1E7A4F7556}") = "API.BOBERTO.SERVICES.APPLICATION", "Application\API.BOBERTO.SERVICES.APPLICATION.csproj", "{20009848-E51C-49AC-ABAB-633793F13722}"
EndProject
Project("{9A19103F-16F7-4668-BE54-9A1E7A4F7556}") = "API.BOBERTO.SERVICES.INTEGRATION", "Integration\API.BOBERTO.SERVICES.INTEGRATION.csproj", "{AA60E08B-9C9A-4F69-A549-25333637EE74}"
EndProject
Project("{9A19103F-16F7-4668-BE54-9A1E7A4F7556}") = "API.BOBERTO.SERVICES.APPLICATION.MESSAGES", "Application.Message\API.BOBERTO.SERVICES.APPLICATION.MESSAGES.csproj", "{68FCB4E9-D163-40F5-BE1C-C4F02EEE87AB}"
EndProject
Project("{E53339B2-1760-4266-BCC7-CA923CBCF16C}") = "docker-compose", "docker-compose.dcproj", "{268F9494-6D32-4DD5-83BE-DCA9F2C95CF4}"
EndProject
Global
	GlobalSection(SolutionConfigurationPlatforms) = preSolution
		Debug|Any CPU = Debug|Any CPU
		Release|Any CPU = Release|Any CPU
	EndGlobalSection
	GlobalSection(ProjectConfigurationPlatforms) = postSolution
		{7B521879-EB65-4E1B-97F4-7FDFEFE11408}.Debug|Any CPU.ActiveCfg = Debug|Any CPU
		{7B521879-EB65-4E1B-97F4-7FDFEFE11408}.Debug|Any CPU.Build.0 = Debug|Any CPU
		{7B521879-EB65-4E1B-97F4-7FDFEFE11408}.Release|Any CPU.ActiveCfg = Release|Any CPU
		{7B521879-EB65-4E1B-97F4-7FDFEFE11408}.Release|Any CPU.Build.0 = Release|Any CPU
		{20009848-E51C-49AC-ABAB-633793F13722}.Debug|Any CPU.ActiveCfg = Debug|Any CPU
		{20009848-E51C-49AC-ABAB-633793F13722}.Debug|Any CPU.Build.0 = Debug|Any CPU
		{20009848-E51C-49AC-ABAB-633793F13722}.Release|Any CPU.ActiveCfg = Release|Any CPU
		{20009848-E51C-49AC-ABAB-633793F13722}.Release|Any CPU.Build.0 = Release|Any CPU
		{AA60E08B-9C9A-4F69-A549-25333637EE74}.Debug|Any CPU.ActiveCfg = Debug|Any CPU
		{AA60E08B-9C9A-4F69-A549-25333637EE74}.Debug|Any CPU.Build.0 = Debug|Any CPU
		{AA60E08B-9C9A-4F69-A549-25333637EE74}.Release|Any CPU.ActiveCfg = Release|Any CPU
		{AA60E08B-9C9A-4F69-A549-25333637EE74}.Release|Any CPU.Build.0 = Release|Any CPU
		{68FCB4E9-D163-40F5-BE1C-C4F02EEE87AB}.Debug|Any CPU.ActiveCfg = Debug|Any CPU
		{68FCB4E9-D163-40F5-BE1C-C4F02EEE87AB}.Debug|Any CPU.Build.0 = Debug|Any CPU
		{68FCB4E9-D163-40F5-BE1C-C4F02EEE87AB}.Release|Any CPU.ActiveCfg = Release|Any CPU
		{68FCB4E9-D163-40F5-BE1C-C4F02EEE87AB}.Release|Any CPU.Build.0 = Release|Any CPU
		{268F9494-6D32-4DD5-83BE-DCA9F2C95CF4}.Debug|Any CPU.ActiveCfg = Debug|Any CPU
		{268F9494-6D32-4DD5-83BE-DCA9F2C95CF4}.Debug|Any CPU.Build.0 = Debug|Any CPU
		{268F9494-6D32-4DD5-83BE-DCA9F2C95CF4}.Release|Any CPU.ActiveCfg = Release|Any CPU
		{268F9494-6D32-4DD5-83BE-DCA9F2C95CF4}.Release|Any CPU.Build.0 = Release|Any CPU
	EndGlobalSection
	GlobalSection(SolutionProperties) = preSolution
		HideSolutionNode = FALSE
	EndGlobalSection
	GlobalSection(ExtensibilityGlobals) = postSolution
		SolutionGuid = {109322A9-4272-44F4-B0F5-E2BE03286CE0}
	EndGlobalSection
EndGlobal
